%{
  "memoize": {:hex, :memoize, "1.4.1", "af853b4bbbf369dd050a9306b6d47d620b76f06935147a67a18751397a952d09", [:mix], [], "hexpm", "83bc06b9ff3815457cdb642ad6f3f02445d0e2948e835d3a92c1979853ef56ee"},
  "nimble_parsec": {:hex, :nimble_parsec, "1.2.3", "244836e6e3f1200c7f30cb56733fd808744eca61fd182f731eac4af635cc6d0b", [:mix], [], "hexpm", "c8d789e39b9131acf7b99291e93dae60ab48ef14a7ee9d58c6964f59efb570b0"},
  "structure": {:hex, :structure, "0.2.2", "7ef81ba794da92ff74f0d20c7c662e0fe89461c5d40296e20ca199c6f472375c", [:mix], [], "hexpm", "eadddcce81a73958bcd1a713551f4ede454aca7c2eafdc74fd66bd7e90ea3f35"},
}
